{
    "requires": true,
    "lockfileVersion": 1,
    "dependencies": {
        "bootstrap-confirmation2": {
            "version": "4.1.0",
            "resolved": "https://registry.npmjs.org/bootstrap-confirmation2/-/bootstrap-confirmation2-4.1.0.tgz",
            "integrity": "sha512-ks1UXTZwdKV6iCQQrYRWA4e0iiq6S36CP+SUQ7F83SDHFh1mZE4kALawbwE4110WymiNYdgBRQmrU/bbLO41Zw=="
        }
    }
}
